{
  "nodes": {
    "firefox-src": {
      "flake": false,
      "locked": {
        "lastModified": 1752780957,
        "narHash": "sha256-UVHHHhoYoPspZAOjpGhgI9RVxSPlRS8JTlUCxh3YM1E=",
        "type": "tarball",
        "url": "https://archive.mozilla.org/pub/firefox/releases/141.0/source/firefox-141.0.source.tar.xz"
      },
      "original": {
        "type": "tarball",
        "url": "https://archive.mozilla.org/pub/firefox/releases/141.0/source/firefox-141.0.source.tar.xz"
      }
    },
    "nixpkgs": {
      "locked": {
        "lastModified": 1753939845,
        "narHash": "sha256-K2ViRJfdVGE8tpJejs8Qpvvejks1+A4GQej/lBk5y7I=",
        "owner": "nixos",
        "repo": "nixpkgs",
        "rev": "94def634a20494ee057c76998843c015909d6311",
        "type": "github"
      },
      "original": {
        "owner": "nixos",
        "ref": "nixos-unstable",
        "repo": "nixpkgs",
        "type": "github"
      }
    },
    "root": {
      "inputs": {
        "firefox-src": "firefox-src",
        "nixpkgs": "nixpkgs",
        "systems": "systems",
        "zen-browser-src": "zen-browser-src",
        "zen-l10n": "zen-l10n"
      }
    },
    "systems": {
      "locked": {
        "lastModified": 1689347949,
        "narHash": "sha256-12tWmuL2zgBgZkdoB6qXZsgJEH9LR3oUgpaQq2RbI80=",
        "owner": "nix-systems",
        "repo": "default-linux",
        "rev": "31732fcf5e8fea42e59c2488ad31a0e651500f68",
        "type": "github"
      },
      "original": {
        "owner": "nix-systems",
        "repo": "default-linux",
        "type": "github"
      }
    },
    "zen-browser-src": {
      "flake": false,
      "locked": {
        "lastModified": 1754017047,
        "narHash": "sha256-Dh7Bq5FkkuG9m3ZJp0wp9Ekt6LF9OrMmSkcRwy1igQ8=",
        "owner": "zen-browser",
        "repo": "desktop",
        "rev": "1dce853e2ab63d5b5f6657412d1609c81fb9b02c",
        "type": "github"
      },
      "original": {
        "owner": "zen-browser",
        "repo": "desktop",
        "type": "github"
      }
    },
    "zen-l10n": {
      "flake": false,
      "locked": {
        "lastModified": 1753702761,
        "narHash": "sha256-7cTE0dRLssogo0J4TS2wtpXnCYsk7HxUI8Gf9OZj6eE=",
        "owner": "zen-browser",
        "repo": "l10n-packs",
        "rev": "57effd74fed5aadd40ae1c08a182f96f5ee66045",
        "type": "github"
      },
      "original": {
        "owner": "zen-browser",
        "repo": "l10n-packs",
        "type": "github"
      }
    }
  },
  "root": "root",
  "version": 7
}
