{
  "nodes": {
    "firefox-src": {
      "flake": false,
      "locked": {
        "lastModified": 1754935828,
        "narHash": "sha256-Iz+x+AFFtgeaG7Oy8GHzjuaGLmjNjLtFlFO606kjSqY=",
        "type": "tarball",
        "url": "https://archive.mozilla.org/pub/firefox/releases/142.0/source/firefox-142.0.source.tar.xz"
      },
      "original": {
        "type": "tarball",
        "url": "https://archive.mozilla.org/pub/firefox/releases/142.0/source/firefox-142.0.source.tar.xz"
      }
    },
    "nixpkgs": {
      "locked": {
        "lastModified": 1756125398,
        "narHash": "sha256-XexyKZpf46cMiO5Vbj+dWSAXOnr285GHsMch8FBoHbc=",
        "owner": "nixos",
        "repo": "nixpkgs",
        "rev": "3b9f00d7a7bf68acd4c4abb9d43695afb04e03a5",
        "type": "github"
      },
      "original": {
        "owner": "nixos",
        "ref": "nixos-unstable",
        "repo": "nixpkgs",
        "type": "github"
      }
    },
    "root": {
      "inputs": {
        "firefox-src": "firefox-src",
        "nixpkgs": "nixpkgs",
        "systems": "systems",
        "zen-browser-src": "zen-browser-src",
        "zen-l10n": "zen-l10n"
      }
    },
    "systems": {
      "locked": {
        "lastModified": 1689347949,
        "narHash": "sha256-12tWmuL2zgBgZkdoB6qXZsgJEH9LR3oUgpaQq2RbI80=",
        "owner": "nix-systems",
        "repo": "default-linux",
        "rev": "31732fcf5e8fea42e59c2488ad31a0e651500f68",
        "type": "github"
      },
      "original": {
        "owner": "nix-systems",
        "repo": "default-linux",
        "type": "github"
      }
    },
    "zen-browser-src": {
      "flake": false,
      "locked": {
        "lastModified": 1756218724,
        "narHash": "sha256-cC3lpo//T+pD0NG7hh9r8S6/ccqrD387Icb1Ulb2DqI=",
        "owner": "zen-browser",
        "repo": "desktop",
        "rev": "0979c5dbbc5e3a16189ed625777c5a17b0deb35b",
        "type": "github"
      },
      "original": {
        "owner": "zen-browser",
        "repo": "desktop",
        "type": "github"
      }
    },
    "zen-l10n": {
      "flake": false,
      "locked": {
        "lastModified": 1753702761,
        "narHash": "sha256-7cTE0dRLssogo0J4TS2wtpXnCYsk7HxUI8Gf9OZj6eE=",
        "owner": "zen-browser",
        "repo": "l10n-packs",
        "rev": "57effd74fed5aadd40ae1c08a182f96f5ee66045",
        "type": "github"
      },
      "original": {
        "owner": "zen-browser",
        "repo": "l10n-packs",
        "type": "github"
      }
    }
  },
  "root": "root",
  "version": 7
}
